
Microsoft Visual Studio Solution File, Format Version 12.00
# Visual Studio Version 16
VisualStudioVersion = 16.0.32106.194
MinimumVisualStudioVersion = 10.0.40219.1
Project("{FAE04EC0-301F-11D3-BF4B-00C04F79EFBC}") = "BlocoDeNotasTI", "BlocoDeNotasTI\BlocoDeNotasTI.csproj", "{77C5AC25-E038-4BF2-9BE2-0A2FC616824B}"
EndProject
Global
	GlobalSection(SolutionConfigurationPlatforms) = preSolution
		Debug|Any CPU = Debug|Any CPU
		Release|Any CPU = Release|Any CPU
	EndGlobalSection
	GlobalSection(ProjectConfigurationPlatforms) = postSolution
		{77C5AC25-E038-4BF2-9BE2-0A2FC616824B}.Debug|Any CPU.ActiveCfg = Debug|Any CPU
		{77C5AC25-E038-4BF2-9BE2-0A2FC616824B}.Debug|Any CPU.Build.0 = Debug|Any CPU
		{77C5AC25-E038-4BF2-9BE2-0A2FC616824B}.Release|Any CPU.ActiveCfg = Release|Any CPU
		{77C5AC25-E038-4BF2-9BE2-0A2FC616824B}.Release|Any CPU.Build.0 = Release|Any CPU
	EndGlobalSection
	GlobalSection(SolutionProperties) = preSolution
		HideSolutionNode = FALSE
	EndGlobalSection
	GlobalSection(ExtensibilityGlobals) = postSolution
		SolutionGuid = {4C2BF1D5-D582-4874-833F-D899177BB29E}
	EndGlobalSection
EndGlobal
